{
  "lockfileVersion": 1,
  "configVersion": 1,
  "workspaces": {
    "": {
      "name": "openkitten",
      "dependencies": {
        "@effect/cli": "^0.73.2",
        "@effect/platform-bun": "^0.87.1",
        "effect": "^3.19.19",
        "grammy": "^1.41.1",
      },
      "devDependencies": {
        "@biomejs/biome": "^2.4.6",
        "@effect/language-service": "^0.77.0",
        "@tsconfig/bun": "^1.0.10",
        "@types/bun": "^1.3.10",
        "@types/node": "^25.3.5",
        "effect-solutions": "^0.4.13",
        "lefthook": "^2.1.2",
        "typescript": "^5.9.3",
      },
    },
  },
  "packages": {
    "@biomejs/biome": ["@biomejs/biome@2.4.6", "", { "optionalDependencies": { "@biomejs/cli-darwin-arm64": "2.4.6", "@biomejs/cli-darwin-x64": "2.4.6", "@biomejs/cli-linux-arm64": "2.4.6", "@biomejs/cli-linux-arm64-musl": "2.4.6", "@biomejs/cli-linux-x64": "2.4.6", "@biomejs/cli-linux-x64-musl": "2.4.6", "@biomejs/cli-win32-arm64": "2.4.6", "@biomejs/cli-win32-x64": "2.4.6" }, "bin": { "biome": "bin/biome" } }, "sha512-QnHe81PMslpy3mnpL8DnO2M4S4ZnYPkjlGCLWBZT/3R9M6b5daArWMMtEfP52/n174RKnwRIf3oT8+wc9ihSfQ=="],

    "@biomejs/cli-darwin-arm64": ["@biomejs/cli-darwin-arm64@2.4.6", "", { "os": "darwin", "cpu": "arm64" }, "sha512-NW18GSyxr+8sJIqgoGwVp5Zqm4SALH4b4gftIA0n62PTuBs6G2tHlwNAOj0Vq0KKSs7Sf88VjjmHh0O36EnzrQ=="],

    "@biomejs/cli-darwin-x64": ["@biomejs/cli-darwin-x64@2.4.6", "", { "os": "darwin", "cpu": "x64" }, "sha512-4uiE/9tuI7cnjtY9b07RgS7gGyYOAfIAGeVJWEfeCnAarOAS7qVmuRyX6d7JTKw28/mt+rUzMasYeZ+0R/U1Mw=="],

    "@biomejs/cli-linux-arm64": ["@biomejs/cli-linux-arm64@2.4.6", "", { "os": "linux", "cpu": "arm64" }, "sha512-kMLaI7OF5GN1Q8Doymjro1P8rVEoy7BKQALNz6fiR8IC1WKduoNyteBtJlHT7ASIL0Cx2jR6VUOBIbcB1B8pew=="],

    "@biomejs/cli-linux-arm64-musl": ["@biomejs/cli-linux-arm64-musl@2.4.6", "", { "os": "linux", "cpu": "arm64" }, "sha512-F/JdB7eN22txiTqHM5KhIVt0jVkzZwVYrdTR1O3Y4auBOQcXxHK4dxULf4z43QyZI5tsnQJrRBHZy7wwtL+B3A=="],

    "@biomejs/cli-linux-x64": ["@biomejs/cli-linux-x64@2.4.6", "", { "os": "linux", "cpu": "x64" }, "sha512-oHXmUFEoH8Lql1xfc3QkFLiC1hGR7qedv5eKNlC185or+o4/4HiaU7vYODAH3peRCfsuLr1g6v2fK9dFFOYdyw=="],

    "@biomejs/cli-linux-x64-musl": ["@biomejs/cli-linux-x64-musl@2.4.6", "", { "os": "linux", "cpu": "x64" }, "sha512-C9s98IPDu7DYarjlZNuzJKTjVHN03RUnmHV5htvqsx6vEUXCDSJ59DNwjKVD5XYoSS4N+BYhq3RTBAL8X6svEg=="],

    "@biomejs/cli-win32-arm64": ["@biomejs/cli-win32-arm64@2.4.6", "", { "os": "win32", "cpu": "arm64" }, "sha512-xzThn87Pf3YrOGTEODFGONmqXpTwUNxovQb72iaUOdcw8sBSY3+3WD8Hm9IhMYLnPi0n32s3L3NWU6+eSjfqFg=="],

    "@biomejs/cli-win32-x64": ["@biomejs/cli-win32-x64@2.4.6", "", { "os": "win32", "cpu": "x64" }, "sha512-7++XhnsPlr1HDbor5amovPjOH6vsrFOCdp93iKXhFn6bcMUI6soodj3WWKfgEO6JosKU1W5n3uky3WW9RlRjTg=="],

    "@effect/cli": ["@effect/cli@0.73.2", "", { "dependencies": { "ini": "^4.1.3", "toml": "^3.0.0", "yaml": "^2.5.0" }, "peerDependencies": { "@effect/platform": "^0.94.3", "@effect/printer": "^0.47.0", "@effect/printer-ansi": "^0.47.0", "effect": "^3.19.16" } }, "sha512-K8IJo81+qa1LU8dhxcDU4QO/bIjL/dPd3zUOSCpLiuUNz8Y3/T+WNs3GqIXEhMfCFMSlRZERN0YgmtRlEZUREA=="],

    "@effect/cluster": ["@effect/cluster@0.56.4", "", { "dependencies": { "kubernetes-types": "^1.30.0" }, "peerDependencies": { "@effect/platform": "^0.94.5", "@effect/rpc": "^0.73.1", "@effect/sql": "^0.49.0", "@effect/workflow": "^0.16.0", "effect": "^3.19.17" } }, "sha512-7Je5/JlbZOlsSxsbKjr97dJed2cNGWsb+TLNgMcr5mRDbcWlFOTUGvsrisEJV6waosYLIg+2omPdvnvRoYKdhA=="],

    "@effect/experimental": ["@effect/experimental@0.58.0", "", { "dependencies": { "uuid": "^11.0.3" }, "peerDependencies": { "@effect/platform": "^0.94.0", "effect": "^3.19.13", "ioredis": "^5", "lmdb": "^3" }, "optionalPeers": ["ioredis", "lmdb"] }, "sha512-IEP9sapjF6rFy5TkoqDPc86st/fnqUfjT7Xa3pWJrFGr1hzaMXHo+mWsYOZS9LAOVKnpHuVziDK97EP5qsCHVA=="],

    "@effect/language-service": ["@effect/language-service@0.77.0", "", { "bin": { "effect-language-service": "cli.js" } }, "sha512-QP2bri8DdcK7Eo+SqFS2yNeD0Ch9kKHYxq2jeE9CaPpBknevCNFb3+hT6qSsPt2P6yOkhNP83KMy5Uk7DGBXlg=="],

    "@effect/platform": ["@effect/platform@0.93.8", "", { "dependencies": { "find-my-way-ts": "^0.1.6", "msgpackr": "^1.11.4", "multipasta": "^0.2.7" }, "peerDependencies": { "effect": "^3.19.12" } }, "sha512-xTEy6fyTy4ijmFC3afKgtvYtn/JyPoIov4ZSUWJZUv3VeOcUPNGrrqG6IJlWkXs3NhvSywKv7wc1kw3epCQVZw=="],

    "@effect/platform-bun": ["@effect/platform-bun@0.87.1", "", { "dependencies": { "@effect/platform-node-shared": "^0.57.1", "multipasta": "^0.2.7" }, "peerDependencies": { "@effect/cluster": "^0.56.1", "@effect/platform": "^0.94.2", "@effect/rpc": "^0.73.0", "@effect/sql": "^0.49.0", "effect": "^3.19.15" } }, "sha512-I88d0YqWbvLY2GGeIxK3r5k0l/MoUCCnxiHJG+X6gqaHu+pIs0djDtJ+ORhw/3qha9ojcVu6pyaBmnUjgzQHWQ=="],

    "@effect/platform-node-shared": ["@effect/platform-node-shared@0.57.1", "", { "dependencies": { "@parcel/watcher": "^2.5.1", "multipasta": "^0.2.7", "ws": "^8.18.2" }, "peerDependencies": { "@effect/cluster": "^0.56.1", "@effect/platform": "^0.94.2", "@effect/rpc": "^0.73.0", "@effect/sql": "^0.49.0", "effect": "^3.19.15" } }, "sha512-oX/bApMdoKsyrDiNdJxo7U9Rz1RXsjRv+ecfAPp1qGlSdGIo32wVRvJ2XCHqYj0sqaYJS0pU0/GCulRfVGuJag=="],

    "@effect/printer": ["@effect/printer@0.47.0", "", { "peerDependencies": { "@effect/typeclass": "^0.38.0", "effect": "^3.19.0" } }, "sha512-VgR8e+YWWhMEAh9qFOjwiZ3OXluAbcVLIOtvp2S5di1nSrPOZxj78g8LE77JSvyfp5y5bS2gmFW+G7xD5uU+2Q=="],

    "@effect/printer-ansi": ["@effect/printer-ansi@0.47.0", "", { "dependencies": { "@effect/printer": "^0.47.0" }, "peerDependencies": { "@effect/typeclass": "^0.38.0", "effect": "^3.19.0" } }, "sha512-tDEQ9XJpXDNYoWMQJHFRMxKGmEOu6z32x3Kb8YLOV5nkauEKnKmWNs7NBp8iio/pqoJbaSwqDwUg9jXVquxfWQ=="],

    "@effect/rpc": ["@effect/rpc@0.73.2", "", { "dependencies": { "msgpackr": "^1.11.4" }, "peerDependencies": { "@effect/platform": "^0.94.5", "effect": "^3.19.18" } }, "sha512-td7LHDgBOYKg+VgGWEelD8rSAmvjXz7am17vfxZROX5qIYuvH7drL/z4p5xQFadhHZ7DYdlFpqdO9ggc77OCIw=="],

    "@effect/sql": ["@effect/sql@0.49.0", "", { "dependencies": { "uuid": "^11.0.3" }, "peerDependencies": { "@effect/experimental": "^0.58.0", "@effect/platform": "^0.94.0", "effect": "^3.19.13" } }, "sha512-9UEKR+z+MrI/qMAmSvb/RiD9KlgIazjZUCDSpwNgm0lEK9/Q6ExEyfziiYFVCPiptp52cBw8uBHRic8hHnwqXA=="],

    "@effect/typeclass": ["@effect/typeclass@0.38.0", "", { "peerDependencies": { "effect": "^3.19.0" } }, "sha512-lMUcJTRtG8KXhXoczapZDxbLK5os7M6rn0zkvOgncJW++A0UyelZfMVMKdT5R+fgpZcsAU/1diaqw3uqLJwGxA=="],

    "@effect/workflow": ["@effect/workflow@0.16.0", "", { "peerDependencies": { "@effect/experimental": "^0.58.0", "@effect/platform": "^0.94.0", "@effect/rpc": "^0.73.0", "effect": "^3.19.13" } }, "sha512-MiAdlxx3TixkgHdbw+Yf1Z3tHAAE0rOQga12kIydJqj05Fnod+W/I+kQGRMY/XWRg+QUsVxhmh1qTr7Ype6lrw=="],

    "@grammyjs/types": ["@grammyjs/types@3.25.0", "", {}, "sha512-iN9i5p+8ZOu9OMxWNcguojQfz4K/PDyMPOnL7PPCON+SoA/F8OKMH3uR7CVUkYfdNe0GCz8QOzAWrnqusQYFOg=="],

    "@msgpackr-extract/msgpackr-extract-darwin-arm64": ["@msgpackr-extract/msgpackr-extract-darwin-arm64@3.0.3", "", { "os": "darwin", "cpu": "arm64" }, "sha512-QZHtlVgbAdy2zAqNA9Gu1UpIuI8Xvsd1v8ic6B2pZmeFnFcMWiPLfWXh7TVw4eGEZ/C9TH281KwhVoeQUKbyjw=="],

    "@msgpackr-extract/msgpackr-extract-darwin-x64": ["@msgpackr-extract/msgpackr-extract-darwin-x64@3.0.3", "", { "os": "darwin", "cpu": "x64" }, "sha512-mdzd3AVzYKuUmiWOQ8GNhl64/IoFGol569zNRdkLReh6LRLHOXxU4U8eq0JwaD8iFHdVGqSy4IjFL4reoWCDFw=="],

    "@msgpackr-extract/msgpackr-extract-linux-arm": ["@msgpackr-extract/msgpackr-extract-linux-arm@3.0.3", "", { "os": "linux", "cpu": "arm" }, "sha512-fg0uy/dG/nZEXfYilKoRe7yALaNmHoYeIoJuJ7KJ+YyU2bvY8vPv27f7UKhGRpY6euFYqEVhxCFZgAUNQBM3nw=="],

    "@msgpackr-extract/msgpackr-extract-linux-arm64": ["@msgpackr-extract/msgpackr-extract-linux-arm64@3.0.3", "", { "os": "linux", "cpu": "arm64" }, "sha512-YxQL+ax0XqBJDZiKimS2XQaf+2wDGVa1enVRGzEvLLVFeqa5kx2bWbtcSXgsxjQB7nRqqIGFIcLteF/sHeVtQg=="],

    "@msgpackr-extract/msgpackr-extract-linux-x64": ["@msgpackr-extract/msgpackr-extract-linux-x64@3.0.3", "", { "os": "linux", "cpu": "x64" }, "sha512-cvwNfbP07pKUfq1uH+S6KJ7dT9K8WOE4ZiAcsrSes+UY55E/0jLYc+vq+DO7jlmqRb5zAggExKm0H7O/CBaesg=="],

    "@msgpackr-extract/msgpackr-extract-win32-x64": ["@msgpackr-extract/msgpackr-extract-win32-x64@3.0.3", "", { "os": "win32", "cpu": "x64" }, "sha512-x0fWaQtYp4E6sktbsdAqnehxDgEc/VwM7uLsRCYWaiGu0ykYdZPiS8zCWdnjHwyiumousxfBm4SO31eXqwEZhQ=="],

    "@parcel/watcher": ["@parcel/watcher@2.5.6", "", { "dependencies": { "detect-libc": "^2.0.3", "is-glob": "^4.0.3", "node-addon-api": "^7.0.0", "picomatch": "^4.0.3" }, "optionalDependencies": { "@parcel/watcher-android-arm64": "2.5.6", "@parcel/watcher-darwin-arm64": "2.5.6", "@parcel/watcher-darwin-x64": "2.5.6", "@parcel/watcher-freebsd-x64": "2.5.6", "@parcel/watcher-linux-arm-glibc": "2.5.6", "@parcel/watcher-linux-arm-musl": "2.5.6", "@parcel/watcher-linux-arm64-glibc": "2.5.6", "@parcel/watcher-linux-arm64-musl": "2.5.6", "@parcel/watcher-linux-x64-glibc": "2.5.6", "@parcel/watcher-linux-x64-musl": "2.5.6", "@parcel/watcher-win32-arm64": "2.5.6", "@parcel/watcher-win32-ia32": "2.5.6", "@parcel/watcher-win32-x64": "2.5.6" } }, "sha512-tmmZ3lQxAe/k/+rNnXQRawJ4NjxO2hqiOLTHvWchtGZULp4RyFeh6aU4XdOYBFe2KE1oShQTv4AblOs2iOrNnQ=="],

    "@parcel/watcher-android-arm64": ["@parcel/watcher-android-arm64@2.5.6", "", { "os": "android", "cpu": "arm64" }, "sha512-YQxSS34tPF/6ZG7r/Ih9xy+kP/WwediEUsqmtf0cuCV5TPPKw/PQHRhueUo6JdeFJaqV3pyjm0GdYjZotbRt/A=="],

    "@parcel/watcher-darwin-arm64": ["@parcel/watcher-darwin-arm64@2.5.6", "", { "os": "darwin", "cpu": "arm64" }, "sha512-Z2ZdrnwyXvvvdtRHLmM4knydIdU9adO3D4n/0cVipF3rRiwP+3/sfzpAwA/qKFL6i1ModaabkU7IbpeMBgiVEA=="],

    "@parcel/watcher-darwin-x64": ["@parcel/watcher-darwin-x64@2.5.6", "", { "os": "darwin", "cpu": "x64" }, "sha512-HgvOf3W9dhithcwOWX9uDZyn1lW9R+7tPZ4sug+NGrGIo4Rk1hAXLEbcH1TQSqxts0NYXXlOWqVpvS1SFS4fRg=="],

    "@parcel/watcher-freebsd-x64": ["@parcel/watcher-freebsd-x64@2.5.6", "", { "os": "freebsd", "cpu": "x64" }, "sha512-vJVi8yd/qzJxEKHkeemh7w3YAn6RJCtYlE4HPMoVnCpIXEzSrxErBW5SJBgKLbXU3WdIpkjBTeUNtyBVn8TRng=="],

    "@parcel/watcher-linux-arm-glibc": ["@parcel/watcher-linux-arm-glibc@2.5.6", "", { "os": "linux", "cpu": "arm" }, "sha512-9JiYfB6h6BgV50CCfasfLf/uvOcJskMSwcdH1PHH9rvS1IrNy8zad6IUVPVUfmXr+u+Km9IxcfMLzgdOudz9EQ=="],

    "@parcel/watcher-linux-arm-musl": ["@parcel/watcher-linux-arm-musl@2.5.6", "", { "os": "linux", "cpu": "arm" }, "sha512-Ve3gUCG57nuUUSyjBq/MAM0CzArtuIOxsBdQ+ftz6ho8n7s1i9E1Nmk/xmP323r2YL0SONs1EuwqBp2u1k5fxg=="],

    "@parcel/watcher-linux-arm64-glibc": ["@parcel/watcher-linux-arm64-glibc@2.5.6", "", { "os": "linux", "cpu": "arm64" }, "sha512-f2g/DT3NhGPdBmMWYoxixqYr3v/UXcmLOYy16Bx0TM20Tchduwr4EaCbmxh1321TABqPGDpS8D/ggOTaljijOA=="],

    "@parcel/watcher-linux-arm64-musl": ["@parcel/watcher-linux-arm64-musl@2.5.6", "", { "os": "linux", "cpu": "arm64" }, "sha512-qb6naMDGlbCwdhLj6hgoVKJl2odL34z2sqkC7Z6kzir8b5W65WYDpLB6R06KabvZdgoHI/zxke4b3zR0wAbDTA=="],

    "@parcel/watcher-linux-x64-glibc": ["@parcel/watcher-linux-x64-glibc@2.5.6", "", { "os": "linux", "cpu": "x64" }, "sha512-kbT5wvNQlx7NaGjzPFu8nVIW1rWqV780O7ZtkjuWaPUgpv2NMFpjYERVi0UYj1msZNyCzGlaCWEtzc+exjMGbQ=="],

    "@parcel/watcher-linux-x64-musl": ["@parcel/watcher-linux-x64-musl@2.5.6", "", { "os": "linux", "cpu": "x64" }, "sha512-1JRFeC+h7RdXwldHzTsmdtYR/Ku8SylLgTU/reMuqdVD7CtLwf0VR1FqeprZ0eHQkO0vqsbvFLXUmYm/uNKJBg=="],

    "@parcel/watcher-win32-arm64": ["@parcel/watcher-win32-arm64@2.5.6", "", { "os": "win32", "cpu": "arm64" }, "sha512-3ukyebjc6eGlw9yRt678DxVF7rjXatWiHvTXqphZLvo7aC5NdEgFufVwjFfY51ijYEWpXbqF5jtrK275z52D4Q=="],

    "@parcel/watcher-win32-ia32": ["@parcel/watcher-win32-ia32@2.5.6", "", { "os": "win32", "cpu": "ia32" }, "sha512-k35yLp1ZMwwee3Ez/pxBi5cf4AoBKYXj00CZ80jUz5h8prpiaQsiRPKQMxoLstNuqe2vR4RNPEAEcjEFzhEz/g=="],

    "@parcel/watcher-win32-x64": ["@parcel/watcher-win32-x64@2.5.6", "", { "os": "win32", "cpu": "x64" }, "sha512-hbQlYcCq5dlAX9Qx+kFb0FHue6vbjlf0FrNzSKdYK2APUf7tGfGxQCk2ihEREmbR6ZMc0MVAD5RIX/41gpUzTw=="],

    "@standard-schema/spec": ["@standard-schema/spec@1.1.0", "", {}, "sha512-l2aFy5jALhniG5HgqrD6jXLi/rUWrKvqN/qJx6yoJsgKhblVd+iqqU4RCXavm/jPityDo5TCvKMnpjKnOriy0w=="],

    "@tsconfig/bun": ["@tsconfig/bun@1.0.10", "", {}, "sha512-5AV5YknQjNyoYzZ/8NG0dawqew/wH+x7ANiCfCIn29qo0cdbd1EryvFD1k5NSZWLBMOI/fGqMIaxi58GPIP9Cg=="],

    "@types/bun": ["@types/bun@1.3.10", "", { "dependencies": { "bun-types": "1.3.10" } }, "sha512-0+rlrUrOrTSskibryHbvQkDOWRJwJZqZlxrUs1u4oOoTln8+WIXBPmAuCF35SWB2z4Zl3E84Nl/D0P7803nigQ=="],

    "@types/node": ["@types/node@25.3.5", "", { "dependencies": { "undici-types": "~7.18.0" } }, "sha512-oX8xrhvpiyRCQkG1MFchB09f+cXftgIXb3a7UUa4Y3wpmZPw5tyZGTLWhlESOLq1Rq6oDlc8npVU2/9xiCuXMA=="],

    "abort-controller": ["abort-controller@3.0.0", "", { "dependencies": { "event-target-shim": "^5.0.0" } }, "sha512-h8lQ8tacZYnR3vNQTgibj+tODHI5/+l06Au2Pcriv/Gmet0eaj4TwWH41sO9wnHDiQsEj19q0drzdWdeAHtweg=="],

    "argparse": ["argparse@1.0.10", "", { "dependencies": { "sprintf-js": "~1.0.2" } }, "sha512-o5Roy6tNG4SL/FOkCAN6RzjiakZS25RLYFrcMttJqbdd8BWrnA+fGz57iN5Pb06pvBGvl5gQ0B48dJlslXvoTg=="],

    "bun-types": ["bun-types@1.3.10", "", { "dependencies": { "@types/node": "*" } }, "sha512-tcpfCCl6XWo6nCVnpcVrxQ+9AYN1iqMIzgrSKYMB/fjLtV2eyAVEg7AxQJuCq/26R6HpKWykQXuSOq/21RYcbg=="],

    "debug": ["debug@4.4.3", "", { "dependencies": { "ms": "^2.1.3" } }, "sha512-RGwwWnwQvkVfavKVt22FGLw+xYSdzARwm0ru6DhTVA3umU5hZc28V3kO4stgYryrTlLpuvgI9GiijltAjNbcqA=="],

    "detect-libc": ["detect-libc@2.1.2", "", {}, "sha512-Btj2BOOO83o3WyH59e8MgXsxEQVcarkUOpEYrubB0urwnN10yQ364rsiByU11nZlqWYZm05i/of7io4mzihBtQ=="],

    "effect": ["effect@3.19.19", "", { "dependencies": { "@standard-schema/spec": "^1.0.0", "fast-check": "^3.23.1" } }, "sha512-Yc8U/SVXo2dHnaP7zNBlAo83h/nzSJpi7vph6Hzyl4ulgMBIgPmz3UzOjb9sBgpFE00gC0iETR244sfXDNLHRg=="],

    "effect-solutions": ["effect-solutions@0.4.13", "", { "dependencies": { "@effect/cli": "^0.72.1", "@effect/platform": "^0.93.3", "@effect/platform-bun": "^0.84.0", "effect": "^3.19.6", "gray-matter": "^4.0.3", "picocolors": "^1.1.1" }, "bin": { "effect-solutions": "bin.js" } }, "sha512-IN8QS04WIX4PEeaOJEzZUZQxX4w4X3Tt19H40rwE/yll3Om3KcTsiO0QuS71GJnumXAwOEmCNtT4uTtKBQLIHw=="],

    "esprima": ["esprima@4.0.1", "", { "bin": { "esparse": "./bin/esparse.js", "esvalidate": "./bin/esvalidate.js" } }, "sha512-eGuFFw7Upda+g4p+QHvnW0RyTX/SVeJBDM/gCtMARO0cLuT2HcEKnTPvhjV6aGeqrCB/sbNop0Kszm0jsaWU4A=="],

    "event-target-shim": ["event-target-shim@5.0.1", "", {}, "sha512-i/2XbnSz/uxRCU6+NdVJgKWDTM427+MqYbkQzD321DuCQJUqOuJKIA0IM2+W2xtYHdKOmZ4dR6fExsd4SXL+WQ=="],

    "extend-shallow": ["extend-shallow@2.0.1", "", { "dependencies": { "is-extendable": "^0.1.0" } }, "sha512-zCnTtlxNoAiDc3gqY2aYAWFx7XWWiasuF2K8Me5WbN8otHKTUKBwjPtNpRs/rbUZm7KxWAaNj7P1a/p52GbVug=="],

    "fast-check": ["fast-check@3.23.2", "", { "dependencies": { "pure-rand": "^6.1.0" } }, "sha512-h5+1OzzfCC3Ef7VbtKdcv7zsstUQwUDlYpUTvjeUsJAssPgLn7QzbboPtL5ro04Mq0rPOsMzl7q5hIbRs2wD1A=="],

    "find-my-way-ts": ["find-my-way-ts@0.1.6", "", {}, "sha512-a85L9ZoXtNAey3Y6Z+eBWW658kO/MwR7zIafkIUPUMf3isZG0NCs2pjW2wtjxAKuJPxMAsHUIP4ZPGv0o5gyTA=="],

    "grammy": ["grammy@1.41.1", "", { "dependencies": { "@grammyjs/types": "3.25.0", "abort-controller": "^3.0.0", "debug": "^4.4.3", "node-fetch": "^2.7.0" } }, "sha512-wcHAQ1e7svL3fJMpDchcQVcWUmywhuepOOjHUHmMmWAwUJEIyK5ea5sbSjZd+Gy1aMpZeP8VYJa+4tP+j1YptQ=="],

    "gray-matter": ["gray-matter@4.0.3", "", { "dependencies": { "js-yaml": "^3.13.1", "kind-of": "^6.0.2", "section-matter": "^1.0.0", "strip-bom-string": "^1.0.0" } }, "sha512-5v6yZd4JK3eMI3FqqCouswVqwugaA9r4dNZB1wwcmrD02QkV5H0y7XBQW8QwQqEaZY1pM9aqORSORhJRdNK44Q=="],

    "ini": ["ini@4.1.3", "", {}, "sha512-X7rqawQBvfdjS10YU1y1YVreA3SsLrW9dX2CewP2EbBJM4ypVNLDkO5y04gejPwKIY9lR+7r9gn3rFPt/kmWFg=="],

    "is-extendable": ["is-extendable@0.1.1", "", {}, "sha512-5BMULNob1vgFX6EjQw5izWDxrecWK9AM72rugNr0TFldMOi0fj6Jk+zeKIt0xGj4cEfQIJth4w3OKWOJ4f+AFw=="],

    "is-extglob": ["is-extglob@2.1.1", "", {}, "sha512-SbKbANkN603Vi4jEZv49LeVJMn4yGwsbzZworEoyEiutsN3nJYdbO36zfhGJ6QEDpOZIFkDtnq5JRxmvl3jsoQ=="],

    "is-glob": ["is-glob@4.0.3", "", { "dependencies": { "is-extglob": "^2.1.1" } }, "sha512-xelSayHH36ZgE7ZWhli7pW34hNbNl8Ojv5KVmkJD4hBdD3th8Tfk9vYasLM+mXWOZhFkgZfxhLSnrwRr4elSSg=="],

    "js-yaml": ["js-yaml@3.14.2", "", { "dependencies": { "argparse": "^1.0.7", "esprima": "^4.0.0" }, "bin": { "js-yaml": "bin/js-yaml.js" } }, "sha512-PMSmkqxr106Xa156c2M265Z+FTrPl+oxd/rgOQy2tijQeK5TxQ43psO1ZCwhVOSdnn+RzkzlRz/eY4BgJBYVpg=="],

    "kind-of": ["kind-of@6.0.3", "", {}, "sha512-dcS1ul+9tmeD95T+x28/ehLgd9mENa3LsvDTtzm3vyBEO7RPptvAD+t44WVXaUjTBRcrpFeFlC8WCruUR456hw=="],

    "kubernetes-types": ["kubernetes-types@1.30.0", "", {}, "sha512-Dew1okvhM/SQcIa2rcgujNndZwU8VnSapDgdxlYoB84ZlpAD43U6KLAFqYo17ykSFGHNPrg0qry0bP+GJd9v7Q=="],

    "lefthook": ["lefthook@2.1.2", "", { "optionalDependencies": { "lefthook-darwin-arm64": "2.1.2", "lefthook-darwin-x64": "2.1.2", "lefthook-freebsd-arm64": "2.1.2", "lefthook-freebsd-x64": "2.1.2", "lefthook-linux-arm64": "2.1.2", "lefthook-linux-x64": "2.1.2", "lefthook-openbsd-arm64": "2.1.2", "lefthook-openbsd-x64": "2.1.2", "lefthook-windows-arm64": "2.1.2", "lefthook-windows-x64": "2.1.2" }, "bin": { "lefthook": "bin/index.js" } }, "sha512-HdAMl4g47kbWSkrUkCx3Kucq54omFS6piMJtXwXNtmCAfB40UaybTJuYtFW4hNzZ5SvaEimtxTp7P/MNIkEfsA=="],

    "lefthook-darwin-arm64": ["lefthook-darwin-arm64@2.1.2", "", { "os": "darwin", "cpu": "arm64" }, "sha512-AgHu93YuJtj1l9bcKlCbo4Tg8N8xFl9iD6BjXCGaGMu46LSjFiXbJFlkUdpgrL8fIbwoCjJi5FNp3POpqs4Wdw=="],

    "lefthook-darwin-x64": ["lefthook-darwin-x64@2.1.2", "", { "os": "darwin", "cpu": "x64" }, "sha512-exooc9Ectz13OLJJOXM9AzaFQbqzf9QCF8JuVvGfbr4RYABYK+BwwtydjlPQrA76/n/h4tsS11MH5bBULnLkYA=="],

    "lefthook-freebsd-arm64": ["lefthook-freebsd-arm64@2.1.2", "", { "os": "freebsd", "cpu": "arm64" }, "sha512-E1QMlJPEU21n9eewv6ePfh+JmoTSg5R1jaYcKCky10kfbMdohNucI3xV91F2LcerE+p3UejKDqr/1wWO2RMGeQ=="],

    "lefthook-freebsd-x64": ["lefthook-freebsd-x64@2.1.2", "", { "os": "freebsd", "cpu": "x64" }, "sha512-/5zp+x8055Thj46x9S7hgnneZxvWhHQvPWkkgISCab1Lh6eLrbxvhE1qTb1lU3DqTnNmH9NeXdq1xPHc9uGluA=="],

    "lefthook-linux-arm64": ["lefthook-linux-arm64@2.1.2", "", { "os": "linux", "cpu": "arm64" }, "sha512-UK5FvDTkwKO7tOznY8iEZzuTsM1jXMZAG5BMRs7olN1k1K6m2unR6oKABP0hCd0wDErK6DZKDJDJfB564Rzqtw=="],

    "lefthook-linux-x64": ["lefthook-linux-x64@2.1.2", "", { "os": "linux", "cpu": "x64" }, "sha512-4eOtz4PNh8GbJ+nA8YVDfW/eMirQWdZqMP/V/MVtoVBGobf6oXvvuDOySvAPOgNYEFN0Boegytmuji/851Vstg=="],

    "lefthook-openbsd-arm64": ["lefthook-openbsd-arm64@2.1.2", "", { "os": "openbsd", "cpu": "arm64" }, "sha512-lJXRJ6iJIBKwomuNBA3CUNSclj2/rKuxGAQoUra214B92VB6jL9zaY5YEs6h/ie9jQrzSnllEeg7xyDIsuVCrQ=="],

    "lefthook-openbsd-x64": ["lefthook-openbsd-x64@2.1.2", "", { "os": "openbsd", "cpu": "x64" }, "sha512-GyOje4W0DIqkmR7/Of5D+mZ0vWqMvtGAVedtJR6d1239xNeMzCS8Q+/a3O1xigceZa5xhlqq0BWlssB/QYPQnA=="],

    "lefthook-windows-arm64": ["lefthook-windows-arm64@2.1.2", "", { "os": "win32", "cpu": "arm64" }, "sha512-MZKMqTULEpX/8N3fKXAR0A9RjsGKkEEY0japLqrHOIpxsJXry1DRz0FvQo2kkY4WW3rtFegV9m6eesOymuDrUg=="],

    "lefthook-windows-x64": ["lefthook-windows-x64@2.1.2", "", { "os": "win32", "cpu": "x64" }, "sha512-NZUgObuaSxc0EXAwC/CzkMf7TuQc++GGIk6TLPdaUpoSsNSJSZEwBVz5DtFB1cG+eMkfO/wOKplls+yjimTTtQ=="],

    "ms": ["ms@2.1.3", "", {}, "sha512-6FlzubTLZG3J2a/NVCAleEhjzq5oxgHyaCU9yYXvcLsvoVaHJq/s5xXI6/XXP6tz7R9xAOtHnSO/tXtF3WRTlA=="],

    "msgpackr": ["msgpackr@1.11.8", "", { "optionalDependencies": { "msgpackr-extract": "^3.0.2" } }, "sha512-bC4UGzHhVvgDNS7kn9tV8fAucIYUBuGojcaLiz7v+P63Lmtm0Xeji8B/8tYKddALXxJLpwIeBmUN3u64C4YkRA=="],

    "msgpackr-extract": ["msgpackr-extract@3.0.3", "", { "dependencies": { "node-gyp-build-optional-packages": "5.2.2" }, "optionalDependencies": { "@msgpackr-extract/msgpackr-extract-darwin-arm64": "3.0.3", "@msgpackr-extract/msgpackr-extract-darwin-x64": "3.0.3", "@msgpackr-extract/msgpackr-extract-linux-arm": "3.0.3", "@msgpackr-extract/msgpackr-extract-linux-arm64": "3.0.3", "@msgpackr-extract/msgpackr-extract-linux-x64": "3.0.3", "@msgpackr-extract/msgpackr-extract-win32-x64": "3.0.3" }, "bin": { "download-msgpackr-prebuilds": "bin/download-prebuilds.js" } }, "sha512-P0efT1C9jIdVRefqjzOQ9Xml57zpOXnIuS+csaB4MdZbTdmGDLo8XhzBG1N7aO11gKDDkJvBLULeFTo46wwreA=="],

    "multipasta": ["multipasta@0.2.7", "", {}, "sha512-KPA58d68KgGil15oDqXjkUBEBYc00XvbPj5/X+dyzeo/lWm9Nc25pQRlf1D+gv4OpK7NM0J1odrbu9JNNGvynA=="],

    "node-addon-api": ["node-addon-api@7.1.1", "", {}, "sha512-5m3bsyrjFWE1xf7nz7YXdN4udnVtXK6/Yfgn5qnahL6bCkf2yKt4k3nuTKAtT4r3IG8JNR2ncsIMdZuAzJjHQQ=="],

    "node-fetch": ["node-fetch@2.7.0", "", { "dependencies": { "whatwg-url": "^5.0.0" }, "peerDependencies": { "encoding": "^0.1.0" }, "optionalPeers": ["encoding"] }, "sha512-c4FRfUm/dbcWZ7U+1Wq0AwCyFL+3nt2bEw05wfxSz+DWpWsitgmSgYmy2dQdWyKC1694ELPqMs/YzUSNozLt8A=="],

    "node-gyp-build-optional-packages": ["node-gyp-build-optional-packages@5.2.2", "", { "dependencies": { "detect-libc": "^2.0.1" }, "bin": { "node-gyp-build-optional-packages": "bin.js", "node-gyp-build-optional-packages-optional": "optional.js", "node-gyp-build-optional-packages-test": "build-test.js" } }, "sha512-s+w+rBWnpTMwSFbaE0UXsRlg7hU4FjekKU4eyAih5T8nJuNZT1nNsskXpxmeqSK9UzkBl6UgRlnKc8hz8IEqOw=="],

    "picocolors": ["picocolors@1.1.1", "", {}, "sha512-xceH2snhtb5M9liqDsmEw56le376mTZkEX/jEb/RxNFyegNul7eNslCXP9FDj/Lcu0X8KEyMceP2ntpaHrDEVA=="],

    "picomatch": ["picomatch@4.0.3", "", {}, "sha512-5gTmgEY/sqK6gFXLIsQNH19lWb4ebPDLA4SdLP7dsWkIXHWlG66oPuVvXSGFPppYZz8ZDZq0dYYrbHfBCVUb1Q=="],

    "pure-rand": ["pure-rand@6.1.0", "", {}, "sha512-bVWawvoZoBYpp6yIoQtQXHZjmz35RSVHnUOTefl8Vcjr8snTPY1wnpSPMWekcFwbxI6gtmT7rSYPFvz71ldiOA=="],

    "section-matter": ["section-matter@1.0.0", "", { "dependencies": { "extend-shallow": "^2.0.1", "kind-of": "^6.0.0" } }, "sha512-vfD3pmTzGpufjScBh50YHKzEu2lxBWhVEHsNGoEXmCmn2hKGfeNLYMzCJpe8cD7gqX7TJluOVpBkAequ6dgMmA=="],

    "sprintf-js": ["sprintf-js@1.0.3", "", {}, "sha512-D9cPgkvLlV3t3IzL0D0YLvGA9Ahk4PcvVwUbN0dSGr1aP0Nrt4AEnTUbuGvquEC0mA64Gqt1fzirlRs5ibXx8g=="],

    "strip-bom-string": ["strip-bom-string@1.0.0", "", {}, "sha512-uCC2VHvQRYu+lMh4My/sFNmF2klFymLX1wHJeXnbEJERpV/ZsVuonzerjfrGpIGF7LBVa1O7i9kjiWvJiFck8g=="],

    "toml": ["toml@3.0.0", "", {}, "sha512-y/mWCZinnvxjTKYhJ+pYxwD0mRLVvOtdS2Awbgxln6iEnt4rk0yBxeSBHkGJcPucRiG0e55mwWp+g/05rsrd6w=="],

    "tr46": ["tr46@0.0.3", "", {}, "sha512-N3WMsuqV66lT30CrXNbEjx4GEwlow3v6rr4mCcv6prnfwhS01rkgyFdjPNBYd9br7LpXV1+Emh01fHnq2Gdgrw=="],

    "typescript": ["typescript@5.9.3", "", { "bin": { "tsc": "bin/tsc", "tsserver": "bin/tsserver" } }, "sha512-jl1vZzPDinLr9eUt3J/t7V6FgNEw9QjvBPdysz9KfQDD41fQrC2Y4vKQdiaUpFT4bXlb1RHhLpp8wtm6M5TgSw=="],

    "undici-types": ["undici-types@7.18.2", "", {}, "sha512-AsuCzffGHJybSaRrmr5eHr81mwJU3kjw6M+uprWvCXiNeN9SOGwQ3Jn8jb8m3Z6izVgknn1R0FTCEAP2QrLY/w=="],

    "uuid": ["uuid@11.1.0", "", { "bin": { "uuid": "dist/esm/bin/uuid" } }, "sha512-0/A9rDy9P7cJ+8w1c9WD9V//9Wj15Ce2MPz8Ri6032usz+NfePxx5AcN3bN+r6ZL6jEo066/yNYB3tn4pQEx+A=="],

    "webidl-conversions": ["webidl-conversions@3.0.1", "", {}, "sha512-2JAn3z8AR6rjK8Sm8orRC0h/bcl/DqL7tRPdGZ4I1CjdF+EaMLmYxBHyXuKL849eucPFhvBoxMsflfOb8kxaeQ=="],

    "whatwg-url": ["whatwg-url@5.0.0", "", { "dependencies": { "tr46": "~0.0.3", "webidl-conversions": "^3.0.0" } }, "sha512-saE57nupxk6v3HY35+jzBwYa0rKSy0XR8JSxZPwgLr7ys0IBzhGviA1/TUGJLmSVqs8pb9AnvICXEuOHLprYTw=="],

    "ws": ["ws@8.19.0", "", { "peerDependencies": { "bufferutil": "^4.0.1", "utf-8-validate": ">=5.0.2" }, "optionalPeers": ["bufferutil", "utf-8-validate"] }, "sha512-blAT2mjOEIi0ZzruJfIhb3nps74PRWTCz1IjglWEEpQl5XS/UNama6u2/rjFkDDouqr4L67ry+1aGIALViWjDg=="],

    "yaml": ["yaml@2.8.2", "", { "bin": { "yaml": "bin.mjs" } }, "sha512-mplynKqc1C2hTVYxd0PU2xQAc22TI1vShAYGksCCfxbn/dFwnHTNi1bvYsBTkhdUNtGIf5xNOg938rrSSYvS9A=="],

    "@effect/cli/@effect/platform": ["@effect/platform@0.94.5", "", { "dependencies": { "find-my-way-ts": "^0.1.6", "msgpackr": "^1.11.4", "multipasta": "^0.2.7" }, "peerDependencies": { "effect": "^3.19.17" } }, "sha512-z05APUiDDPbodhTkH/RJqOLoCU11bU2IZLfcwLFrld03+ob1VeqRnELQlmueLIYm6NZifHAtjl32V+GRt34y4A=="],

    "@effect/cluster/@effect/platform": ["@effect/platform@0.94.5", "", { "dependencies": { "find-my-way-ts": "^0.1.6", "msgpackr": "^1.11.4", "multipasta": "^0.2.7" }, "peerDependencies": { "effect": "^3.19.17" } }, "sha512-z05APUiDDPbodhTkH/RJqOLoCU11bU2IZLfcwLFrld03+ob1VeqRnELQlmueLIYm6NZifHAtjl32V+GRt34y4A=="],

    "@effect/experimental/@effect/platform": ["@effect/platform@0.94.5", "", { "dependencies": { "find-my-way-ts": "^0.1.6", "msgpackr": "^1.11.4", "multipasta": "^0.2.7" }, "peerDependencies": { "effect": "^3.19.17" } }, "sha512-z05APUiDDPbodhTkH/RJqOLoCU11bU2IZLfcwLFrld03+ob1VeqRnELQlmueLIYm6NZifHAtjl32V+GRt34y4A=="],

    "@effect/platform-bun/@effect/platform": ["@effect/platform@0.94.5", "", { "dependencies": { "find-my-way-ts": "^0.1.6", "msgpackr": "^1.11.4", "multipasta": "^0.2.7" }, "peerDependencies": { "effect": "^3.19.17" } }, "sha512-z05APUiDDPbodhTkH/RJqOLoCU11bU2IZLfcwLFrld03+ob1VeqRnELQlmueLIYm6NZifHAtjl32V+GRt34y4A=="],

    "@effect/platform-node-shared/@effect/platform": ["@effect/platform@0.94.5", "", { "dependencies": { "find-my-way-ts": "^0.1.6", "msgpackr": "^1.11.4", "multipasta": "^0.2.7" }, "peerDependencies": { "effect": "^3.19.17" } }, "sha512-z05APUiDDPbodhTkH/RJqOLoCU11bU2IZLfcwLFrld03+ob1VeqRnELQlmueLIYm6NZifHAtjl32V+GRt34y4A=="],

    "@effect/rpc/@effect/platform": ["@effect/platform@0.94.5", "", { "dependencies": { "find-my-way-ts": "^0.1.6", "msgpackr": "^1.11.4", "multipasta": "^0.2.7" }, "peerDependencies": { "effect": "^3.19.17" } }, "sha512-z05APUiDDPbodhTkH/RJqOLoCU11bU2IZLfcwLFrld03+ob1VeqRnELQlmueLIYm6NZifHAtjl32V+GRt34y4A=="],

    "@effect/sql/@effect/platform": ["@effect/platform@0.94.5", "", { "dependencies": { "find-my-way-ts": "^0.1.6", "msgpackr": "^1.11.4", "multipasta": "^0.2.7" }, "peerDependencies": { "effect": "^3.19.17" } }, "sha512-z05APUiDDPbodhTkH/RJqOLoCU11bU2IZLfcwLFrld03+ob1VeqRnELQlmueLIYm6NZifHAtjl32V+GRt34y4A=="],

    "@effect/workflow/@effect/platform": ["@effect/platform@0.94.5", "", { "dependencies": { "find-my-way-ts": "^0.1.6", "msgpackr": "^1.11.4", "multipasta": "^0.2.7" }, "peerDependencies": { "effect": "^3.19.17" } }, "sha512-z05APUiDDPbodhTkH/RJqOLoCU11bU2IZLfcwLFrld03+ob1VeqRnELQlmueLIYm6NZifHAtjl32V+GRt34y4A=="],

    "effect-solutions/@effect/cli": ["@effect/cli@0.72.1", "", { "dependencies": { "ini": "^4.1.3", "toml": "^3.0.0", "yaml": "^2.5.0" }, "peerDependencies": { "@effect/platform": "^0.93.0", "@effect/printer": "^0.47.0", "@effect/printer-ansi": "^0.47.0", "effect": "^3.19.3" } }, "sha512-HGDMGD23TxFW9tCSX6g+M2u0robikMA0mP0SqeJMj7FWXTdcQ+cQsJE99bxi9iu+5YID7MIrVJMs8TUwXUV2sg=="],

    "effect-solutions/@effect/platform-bun": ["@effect/platform-bun@0.84.0", "", { "dependencies": { "@effect/platform-node-shared": "^0.54.0", "multipasta": "^0.2.7" }, "peerDependencies": { "@effect/cluster": "^0.53.0", "@effect/platform": "^0.93.3", "@effect/rpc": "^0.72.2", "@effect/sql": "^0.48.0", "effect": "^3.19.5" } }, "sha512-UscfsMYuc95jyjjii/waWtgRzncWtRlpj64vCwwAdA4LxKgflYFE5lqvrUEgB55s8DNLM/Gi2m0tWb7AHWmhOA=="],

    "effect-solutions/@effect/platform-bun/@effect/platform-node-shared": ["@effect/platform-node-shared@0.54.0", "", { "dependencies": { "@parcel/watcher": "^2.5.1", "multipasta": "^0.2.7", "ws": "^8.18.2" }, "peerDependencies": { "@effect/cluster": "^0.53.0", "@effect/platform": "^0.93.3", "@effect/rpc": "^0.72.2", "@effect/sql": "^0.48.0", "effect": "^3.19.5" } }, "sha512-prTgG3CXqmrxB4Rg6utfwCTqjlGwjAEvK7R4g3HzVdFpfFRum+FQBpGHUcjyz7EejkDtBY2MWJC3Wr1QKDPjPw=="],
  }
}
